// !$*UTF8*$!
{
	archiveVersion = 1;
	classes = {
	};
	objectVersion = 50;
	objects = {

/* Begin PBXBuildFile section */
		89A4215E21D0C52D00CE8B74 /* AppDelegate.swift in Sources */ = {isa = PBXBuildFile; fileRef = 89A4215D21D0C52D00CE8B74 /* AppDelegate.swift */; };
		89A4216021D0C52D00CE8B74 /* ViewController.swift in Sources */ = {isa = PBXBuildFile; fileRef = 89A4215F21D0C52D00CE8B74 /* ViewController.swift */; };
		89A4216321D0C52D00CE8B74 /* Main.storyboard in Resources */ = {isa = PBXBuildFile; fileRef = 89A4216121D0C52D00CE8B74 /* Main.storyboard */; };
		89A4216521D0C52E00CE8B74 /* Assets.xcassets in Resources */ = {isa = PBXBuildFile; fileRef = 89A4216421D0C52E00CE8B74 /* Assets.xcassets */; };
		89A4216821D0C52E00CE8B74 /* LaunchScreen.storyboard in Resources */ = {isa = PBXBuildFile; fileRef = 89A4216621D0C52E00CE8B74 /* LaunchScreen.storyboard */; };
		89A4217321D0C52E00CE8B74 /* ComponentDemoTests.swift in Sources */ = {isa = PBXBuildFile; fileRef = 89A4217221D0C52E00CE8B74 /* ComponentDemoTests.swift */; };
		89A4218721D0C55600CE8B74 /* ComponentPack.framework in Frameworks */ = {isa = PBXBuildFile; fileRef = 89A4218621D0C55600CE8B74 /* ComponentPack.framework */; };
		89A4218821D0C55600CE8B74 /* ComponentPack.framework in Embed Frameworks */ = {isa = PBXBuildFile; fileRef = 89A4218621D0C55600CE8B74 /* ComponentPack.framework */; settings = {ATTRIBUTES = (CodeSignOnCopy, RemoveHeadersOnCopy, ); }; };
/* End PBXBuildFile section */

/* Begin PBXContainerItemProxy section */
		89A4216F21D0C52E00CE8B74 /* PBXContainerItemProxy */ = {
			isa = PBXContainerItemProxy;
			containerPortal = 89A4215221D0C52D00CE8B74 /* Project object */;
			proxyType = 1;
			remoteGlobalIDString = 89A4215921D0C52D00CE8B74;
			remoteInfo = ComponentDemo;
		};
/* End PBXContainerItemProxy section */

/* Begin PBXCopyFilesBuildPhase section */
		89A4218921D0C55700CE8B74 /* Embed Frameworks */ = {
			isa = PBXCopyFilesBuildPhase;
			buildActionMask = 2147483647;
			dstPath = "";
			dstSubfolderSpec = 10;
			files = (
				89A4218821D0C55600CE8B74 /* ComponentPack.framework in Embed Frameworks */,
			);
			name = "Embed Frameworks";
			runOnlyForDeploymentPostprocessing = 0;
		};
/* End PBXCopyFilesBuildPhase section */

/* Begin PBXFileReference section */
		89A4215A21D0C52D00CE8B74 /* ComponentDemo.app */ = {isa = PBXFileReference; explicitFileType = wrapper.application; includeInIndex = 0; path = ComponentDemo.app; sourceTree = BUILT_PRODUCTS_DIR; };
		89A4215D21D0C52D00CE8B74 /* AppDelegate.swift */ = {isa = PBXFileReference; lastKnownFileType = sourcecode.swift; path = AppDelegate.swift; sourceTree = "<group>"; };
		89A4215F21D0C52D00CE8B74 /* ViewController.swift */ = {isa = PBXFileReference; lastKnownFileType = sourcecode.swift; path = ViewController.swift; sourceTree = "<group>"; };
		89A4216221D0C52D00CE8B74 /* Base */ = {isa = PBXFileReference; lastKnownFileType = file.storyboard; name = Base; path = Base.lproj/Main.storyboard; sourceTree = "<group>"; };
		89A4216421D0C52E00CE8B74 /* Assets.xcassets */ = {isa = PBXFileReference; lastKnownFileType = folder.assetcatalog; path = Assets.xcassets; sourceTree = "<group>"; };
		89A4216721D0C52E00CE8B74 /* Base */ = {isa = PBXFileReference; lastKnownFileType = file.storyboard; name = Base; path = Base.lproj/LaunchScreen.storyboard; sourceTree = "<group>"; };
		89A4216921D0C52E00CE8B74 /* Info.plist */ = {isa = PBXFileReference; lastKnownFileType = text.plist.xml; path = Info.plist; sourceTree = "<group>"; };
		89A4216E21D0C52E00CE8B74 /* ComponentDemoTests.xctest */ = {isa = PBXFileReference; explicitFileType = wrapper.cfbundle; includeInIndex = 0; path = ComponentDemoTests.xctest; sourceTree = BUILT_PRODUCTS_DIR; };
		89A4217221D0C52E00CE8B74 /* ComponentDemoTests.swift */ = {isa = PBXFileReference; lastKnownFileType = sourcecode.swift; path = ComponentDemoTests.swift; sourceTree = "<group>"; };
		89A4217421D0C52E00CE8B74 /* Info.plist */ = {isa = PBXFileReference; lastKnownFileType = text.plist.xml; path = Info.plist; sourceTree = "<group>"; };
		89A4218621D0C55600CE8B74 /* ComponentPack.framework */ = {isa = PBXFileReference; explicitFileType = wrapper.framework; path = ComponentPack.framework; sourceTree = BUILT_PRODUCTS_DIR; };
/* End PBXFileReference section */

/* Begin PBXFrameworksBuildPhase section */
		89A4215721D0C52D00CE8B74 /* Frameworks */ = {
			isa = PBXFrameworksBuildPhase;
			buildActionMask = 2147483647;
			files = (
				89A4218721D0C55600CE8B74 /* ComponentPack.framework in Frameworks */,
			);
			runOnlyForDeploymentPostprocessing = 0;
		};
		89A4216B21D0C52E00CE8B74 /* Frameworks */ = {
			isa = PBXFrameworksBuildPhase;
			buildActionMask = 2147483647;
			files = (
			);
			runOnlyForDeploymentPostprocessing = 0;
		};
/* End PBXFrameworksBuildPhase section */

/* Begin PBXGroup section */
		89A4215121D0C52D00CE8B74 = {
			isa = PBXGroup;
			children = (
				89A4218621D0C55600CE8B74 /* ComponentPack.framework */,
				89A4215C21D0C52D00CE8B74 /* ComponentDemo */,
				89A4217121D0C52E00CE8B74 /* ComponentDemoTests */,
				89A4215B21D0C52D00CE8B74 /* Products */,
			);
			sourceTree = "<group>";
		};
		89A4215B21D0C52D00CE8B74 /* Products */ = {
			isa = PBXGroup;
			children = (
				89A4215A21D0C52D00CE8B74 /* ComponentDemo.app */,
				89A4216E21D0C52E00CE8B74 /* ComponentDemoTests.xctest */,
			);
			name = Products;
			sourceTree = "<group>";
		};
		89A4215C21D0C52D00CE8B74 /* ComponentDemo */ = {
			isa = PBXGroup;
			children = (
				89A4215D21D0C52D00CE8B74 /* AppDelegate.swift */,
				89A4215F21D0C52D00CE8B74 /* ViewController.swift */,
				89A4216121D0C52D00CE8B74 /* Main.storyboard */,
				89A4216421D0C52E00CE8B74 /* Assets.xcassets */,
				89A4216621D0C52E00CE8B74 /* LaunchScreen.storyboard */,
				89A4216921D0C52E00CE8B74 /* Info.plist */,
			);
			path = ComponentDemo;
			sourceTree = "<group>";
		};
		89A4217121D0C52E00CE8B74 /* ComponentDemoTests */ = {
			isa = PBXGroup;
			children = (
				89A4217221D0C52E00CE8B74 /* ComponentDemoTests.swift */,
				89A4217421D0C52E00CE8B74 /* Info.plist */,
			);
			path = ComponentDemoTests;
			sourceTree = "<group>";
		};
/* End PBXGroup section */

/* Begin PBXNativeTarget section */
		89A4215921D0C52D00CE8B74 /* ComponentDemo */ = {
			isa = PBXNativeTarget;
			buildConfigurationList = 89A4217721D0C52E00CE8B74 /* Build configuration list for PBXNativeTarget "ComponentDemo" */;
			buildPhases = (
				89A4215621D0C52D00CE8B74 /* Sources */,
				89A4215721D0C52D00CE8B74 /* Frameworks */,
				89A4215821D0C52D00CE8B74 /* Resources */,
				89A4218921D0C55700CE8B74 /* Embed Frameworks */,
			);
			buildRules = (
			);
			dependencies = (
			);
			name = ComponentDemo;
			productName = ComponentDemo;
			productReference = 89A4215A21D0C52D00CE8B74 /* ComponentDemo.app */;
			productType = "com.apple.product-type.application";
		};
		89A4216D21D0C52E00CE8B74 /* ComponentDemoTests */ = {
			isa = PBXNativeTarget;
			buildConfigurationList = 89A4217A21D0C52E00CE8B74 /* Build configuration list for PBXNativeTarget "ComponentDemoTests" */;
			buildPhases = (
				89A4216A21D0C52E00CE8B74 /* Sources */,
				89A4216B21D0C52E00CE8B74 /* Frameworks */,
				89A4216C21D0C52E00CE8B74 /* Resources */,
			);
			buildRules = (
			);
			dependencies = (
				89A4217021D0C52E00CE8B74 /* PBXTargetDependency */,
			);
			name = ComponentDemoTests;
			productName = ComponentDemoTests;
			productReference = 89A4216E21D0C52E00CE8B74 /* ComponentDemoTests.xctest */;
			productType = "com.apple.product-type.bundle.unit-test";
		};
/* End PBXNativeTarget section */

/* Begin PBXProject section */
		89A4215221D0C52D00CE8B74 /* Project object */ = {
			isa = PBXProject;
			attributes = {
				LastSwiftUpdateCheck = 1010;
				LastUpgradeCheck = 1010;
				ORGANIZATIONNAME = "Hailong Li";
				TargetAttributes = {
					89A4215921D0C52D00CE8B74 = {
						CreatedOnToolsVersion = 10.1;
					};
					89A4216D21D0C52E00CE8B74 = {
						CreatedOnToolsVersion = 10.1;
						TestTargetID = 89A4215921D0C52D00CE8B74;
					};
				};
			};
			buildConfigurationList = 89A4215521D0C52D00CE8B74 /* Build configuration list for PBXProject "ComponentDemo" */;
			compatibilityVersion = "Xcode 9.3";
			developmentRegion = en;
			hasScannedForEncodings = 0;
			knownRegions = (
				en,
				Base,
			);
			mainGroup = 89A4215121D0C52D00CE8B74;
			productRefGroup = 89A4215B21D0C52D00CE8B74 /* Products */;
			projectDirPath = "";
			projectRoot = "";
			targets = (
				89A4215921D0C52D00CE8B74 /* ComponentDemo */,
				89A4216D21D0C52E00CE8B74 /* ComponentDemoTests */,
			);
		};
/* End PBXProject section */

/* Begin PBXResourcesBuildPhase section */
		89A4215821D0C52D00CE8B74 /* Resources */ = {
			isa = PBXResourcesBuildPhase;
			buildActionMask = 2147483647;
			files = (
				89A4216821D0C52E00CE8B74 /* LaunchScreen.storyboard in Resources */,
				89A4216521D0C52E00CE8B74 /* Assets.xcassets in Resources */,
				89A4216321D0C52D00CE8B74 /* Main.storyboard in Resources */,
			);
			runOnlyForDeploymentPostprocessing = 0;
		};
		89A4216C21D0C52E00CE8B74 /* Resources */ = {
			isa = PBXResourcesBuildPhase;
			buildActionMask = 2147483647;
			files = (
			);
			runOnlyForDeploymentPostprocessing = 0;
		};
/* End PBXResourcesBuildPhase section */

/* Begin PBXSourcesBuildPhase section */
		89A4215621D0C52D00CE8B74 /* Sources */ = {
			isa = PBXSourcesBuildPhase;
			buildActionMask = 2147483647;
			files = (
				89A4216021D0C52D00CE8B74 /* ViewController.swift in Sources */,
				89A4215E21D0C52D00CE8B74 /* AppDelegate.swift in Sources */,
			);
			runOnlyForDeploymentPostprocessing = 0;
		};
		89A4216A21D0C52E00CE8B74 /* Sources */ = {
			isa = PBXSourcesBuildPhase;
			buildActionMask = 2147483647;
			files = (
				89A4217321D0C52E00CE8B74 /* ComponentDemoTests.swift in Sources */,
			);
			runOnlyForDeploymentPostprocessing = 0;
		};
/* End PBXSourcesBuildPhase section */

/* Begin PBXTargetDependency section */
		89A4217021D0C52E00CE8B74 /* PBXTargetDependency */ = {
			isa = PBXTargetDependency;
			target = 89A4215921D0C52D00CE8B74 /* ComponentDemo */;
			targetProxy = 89A4216F21D0C52E00CE8B74 /* PBXContainerItemProxy */;
		};
/* End PBXTargetDependency section */

/* Begin PBXVariantGroup section */
		89A4216121D0C52D00CE8B74 /* Main.storyboard */ = {
			isa = PBXVariantGroup;
			children = (
				89A4216221D0C52D00CE8B74 /* Base */,
			);
			name = Main.storyboard;
			sourceTree = "<group>";
		};
		89A4216621D0C52E00CE8B74 /* LaunchScreen.storyboard */ = {
			isa = PBXVariantGroup;
			children = (
				89A4216721D0C52E00CE8B74 /* Base */,
			);
			name = LaunchScreen.storyboard;
			sourceTree = "<group>";
		};
/* End PBXVariantGroup section */

/* Begin XCBuildConfiguration section */
		89A4217521D0C52E00CE8B74 /* Debug */ = {
			isa = XCBuildConfiguration;
			buildSettings = {
				ALWAYS_SEARCH_USER_PATHS = NO;
				CLANG_ANALYZER_NONNULL = YES;
				CLANG_ANALYZER_NUMBER_OBJECT_CONVERSION = YES_AGGRESSIVE;
				CLANG_CXX_LANGUAGE_STANDARD = "gnu++14";
				CLANG_CXX_LIBRARY = "libc++";
				CLANG_ENABLE_MODULES = YES;
				CLANG_ENABLE_OBJC_ARC = YES;
				CLANG_ENABLE_OBJC_WEAK = YES;
				CLANG_WARN_BLOCK_CAPTURE_AUTORELEASING = YES;
				CLANG_WARN_BOOL_CONVERSION = YES;
				CLANG_WARN_COMMA = YES;
				CLANG_WARN_CONSTANT_CONVERSION = YES;
				CLANG_WARN_DEPRECATED_OBJC_IMPLEMENTATIONS = YES;
				CLANG_WARN_DIRECT_OBJC_ISA_USAGE = YES_ERROR;
				CLANG_WARN_DOCUMENTATION_COMMENTS = YES;
				CLANG_WARN_EMPTY_BODY = YES;
				CLANG_WARN_ENUM_CONVERSION = YES;
				CLANG_WARN_INFINITE_RECURSION = YES;
				CLANG_WARN_INT_CONVERSION = YES;
				CLANG_WARN_NON_LITERAL_NULL_CONVERSION = YES;
				CLANG_WARN_OBJC_IMPLICIT_RETAIN_SELF = YES;
				CLANG_WARN_OBJC_LITERAL_CONVERSION = YES;
				CLANG_WARN_OBJC_ROOT_CLASS = YES_ERROR;
				CLANG_WARN_RANGE_LOOP_ANALYSIS = YES;
				CLANG_WARN_STRICT_PROTOTYPES = YES;
				CLANG_WARN_SUSPICIOUS_MOVE = YES;
				CLANG_WARN_UNGUARDED_AVAILABILITY = YES_AGGRESSIVE;
				CLANG_WARN_UNREACHABLE_CODE = YES;
				CLANG_WARN__DUPLICATE_METHOD_MATCH = YES;
				CODE_SIGN_IDENTITY = "iPhone Developer";
				COPY_PHASE_STRIP = NO;
				DEBUG_INFORMATION_FORMAT = dwarf;
				ENABLE_STRICT_OBJC_MSGSEND = YES;
				ENABLE_TESTABILITY = YES;
				GCC_C_LANGUAGE_STANDARD = gnu11;
				GCC_DYNAMIC_NO_PIC = NO;
				GCC_NO_COMMON_BLOCKS = YES;
				GCC_OPTIMIZATION_LEVEL = 0;
				GCC_PREPROCESSOR_DEFINITIONS = (
					"DEBUG=1",
					"$(inherited)",
				);
				GCC_WARN_64_TO_32_BIT_CONVERSION = YES;
				GCC_WARN_ABOUT_RETURN_TYPE = YES_ERROR;
				GCC_WARN_UNDECLARED_SELECTOR = YES;
				GCC_WARN_UNINITIALIZED_AUTOS = YES_AGGRESSIVE;
				GCC_WARN_UNUSED_FUNCTION = YES;
				GCC_WARN_UNUSED_VARIABLE = YES;
				IPHONEOS_DEPLOYMENT_TARGET = 12.1;
				MTL_ENABLE_DEBUG_INFO = INCLUDE_SOURCE;
				MTL_FAST_MATH = YES;
				ONLY_ACTIVE_ARCH = YES;
				SDKROOT = iphoneos;
				SWIFT_ACTIVE_COMPILATION_CONDITIONS = DEBUG;
				SWIFT_OPTIMIZATION_LEVEL = "-Onone";
			};
			name = Debug;
		};
		89A4217621D0C52E00CE8B74 /* Release */ = {
			isa = XCBuildConfiguration;
			buildSettings = {
				ALWAYS_SEARCH_USER_PATHS = NO;
				CLANG_ANALYZER_NONNULL = YES;
				CLANG_ANALYZER_NUMBER_OBJECT_CONVERSION = YES_AGGRESSIVE;
				CLANG_CXX_LANGUAGE_STANDARD = "gnu++14";
				CLANG_CXX_LIBRARY = "libc++";
				CLANG_ENABLE_MODULES = YES;
				CLANG_ENABLE_OBJC_ARC = YES;
				CLANG_ENABLE_OBJC_WEAK = YES;
				CLANG_WARN_BLOCK_CAPTURE_AUTORELEASING = YES;
				CLANG_WARN_BOOL_CONVERSION = YES;
				CLANG_WARN_COMMA = YES;
				CLANG_WARN_CONSTANT_CONVERSION = YES;
				CLANG_WARN_DEPRECATED_OBJC_IMPLEMENTATIONS = YES;
				CLANG_WARN_DIRECT_OBJC_ISA_USAGE = YES_ERROR;
				CLANG_WARN_DOCUMENTATION_COMMENTS = YES;
				CLANG_WARN_EMPTY_BODY = YES;
				CLANG_WARN_ENUM_CONVERSION = YES;
				CLANG_WARN_INFINITE_RECURSION = YES;
				CLANG_WARN_INT_CONVERSION = YES;
				CLANG_WARN_NON_LITERAL_NULL_CONVERSION = YES;
				CLANG_WARN_OBJC_IMPLICIT_RETAIN_SELF = YES;
				CLANG_WARN_OBJC_LITERAL_CONVERSION = YES;
				CLANG_WARN_OBJC_ROOT_CLASS = YES_ERROR;
				CLANG_WARN_RANGE_LOOP_ANALYSIS = YES;
				CLANG_WARN_STRICT_PROTOTYPES = YES;
				CLANG_WARN_SUSPICIOUS_MOVE = YES;
				CLANG_WARN_UNGUARDED_AVAILABILITY = YES_AGGRESSIVE;
				CLANG_WARN_UNREACHABLE_CODE = YES;
				CLANG_WARN__DUPLICATE_METHOD_MATCH = YES;
				CODE_SIGN_IDENTITY = "iPhone Developer";
				COPY_PHASE_STRIP = NO;
				DEBUG_INFORMATION_FORMAT = "dwarf-with-dsym";
				ENABLE_NS_ASSERTIONS = NO;
				ENABLE_STRICT_OBJC_MSGSEND = YES;
				GCC_C_LANGUAGE_STANDARD = gnu11;
				GCC_NO_COMMON_BLOCKS = YES;
				GCC_WARN_64_TO_32_BIT_CONVERSION = YES;
				GCC_WARN_ABOUT_RETURN_TYPE = YES_ERROR;
				GCC_WARN_UNDECLARED_SELECTOR = YES;
				GCC_WARN_UNINITIALIZED_AUTOS = YES_AGGRESSIVE;
				GCC_WARN_UNUSED_FUNCTION = YES;
				GCC_WARN_UNUSED_VARIABLE = YES;
				IPHONEOS_DEPLOYMENT_TARGET = 12.1;
				MTL_ENABLE_DEBUG_INFO = NO;
				MTL_FAST_MATH = YES;
				SDKROOT = iphoneos;
				SWIFT_COMPILATION_MODE = wholemodule;
				SWIFT_OPTIMIZATION_LEVEL = "-O";
				VALIDATE_PRODUCT = YES;
			};
			name = Release;
		};
		89A4217821D0C52E00CE8B74 /* Debug */ = {
			isa = XCBuildConfiguration;
			buildSettings = {
				ASSETCATALOG_COMPILER_APPICON_NAME = AppIcon;
				CODE_SIGN_STYLE = Automatic;
				DEVELOPMENT_TEAM = 95WF67PKAL;
				INFOPLIST_FILE = ComponentDemo/Info.plist;
				LD_RUNPATH_SEARCH_PATHS = (
					"$(inherited)",
					"@executable_path/Frameworks",
				);
				PRODUCT_BUNDLE_IDENTIFIER = com.hailong.ComponentDemo;
				PRODUCT_NAME = "$(TARGET_NAME)";
				SWIFT_VERSION = 4.2;
				TARGETED_DEVICE_FAMILY = "1,2";
			};
			name = Debug;
		};
		89A4217921D0C52E00CE8B74 /* Release */ = {
			isa = XCBuildConfiguration;
			buildSettings = {
				ASSETCATALOG_COMPILER_APPICON_NAME = AppIcon;
				CODE_SIGN_STYLE = Automatic;
				DEVELOPMENT_TEAM = 95WF67PKAL;
				INFOPLIST_FILE = ComponentDemo/Info.plist;
				LD_RUNPATH_SEARCH_PATHS = (
					"$(inherited)",
					"@executable_path/Frameworks",
				);
				PRODUCT_BUNDLE_IDENTIFIER = com.hailong.ComponentDemo;
				PRODUCT_NAME = "$(TARGET_NAME)";
				SWIFT_VERSION = 4.2;
				TARGETED_DEVICE_FAMILY = "1,2";
			};
			name = Release;
		};
		89A4217B21D0C52E00CE8B74 /* Debug */ = {
			isa = XCBuildConfiguration;
			buildSettings = {
				ALWAYS_EMBED_SWIFT_STANDARD_LIBRARIES = YES;
				BUNDLE_LOADER = "$(TEST_HOST)";
				CODE_SIGN_STYLE = Automatic;
				DEVELOPMENT_TEAM = 95WF67PKAL;
				INFOPLIST_FILE = ComponentDemoTests/Info.plist;
				LD_RUNPATH_SEARCH_PATHS = (
					"$(inherited)",
					"@executable_path/Frameworks",
					"@loader_path/Frameworks",
				);
				PRODUCT_BUNDLE_IDENTIFIER = com.hailong.ComponentDemoTests;
				PRODUCT_NAME = "$(TARGET_NAME)";
				SWIFT_VERSION = 4.2;
				TARGETED_DEVICE_FAMILY = "1,2";
				TEST_HOST = "$(BUILT_PRODUCTS_DIR)/ComponentDemo.app/ComponentDemo";
			};
			name = Debug;
		};
		89A4217C21D0C52E00CE8B74 /* Release */ = {
			isa = XCBuildConfiguration;
			buildSettings = {
				ALWAYS_EMBED_SWIFT_STANDARD_LIBRARIES = YES;
				BUNDLE_LOADER = "$(TEST_HOST)";
				CODE_SIGN_STYLE = Automatic;
				DEVELOPMENT_TEAM = 95WF67PKAL;
				INFOPLIST_FILE = ComponentDemoTests/Info.plist;
				LD_RUNPATH_SEARCH_PATHS = (
					"$(inherited)",
					"@executable_path/Frameworks",
					"@loader_path/Frameworks",
				);
				PRODUCT_BUNDLE_IDENTIFIER = com.hailong.ComponentDemoTests;
				PRODUCT_NAME = "$(TARGET_NAME)";
				SWIFT_VERSION = 4.2;
				TARGETED_DEVICE_FAMILY = "1,2";
				TEST_HOST = "$(BUILT_PRODUCTS_DIR)/ComponentDemo.app/ComponentDemo";
			};
			name = Release;
		};
/* End XCBuildConfiguration section */

/* Begin XCConfigurationList section */
		89A4215521D0C52D00CE8B74 /* Build configuration list for PBXProject "ComponentDemo" */ = {
			isa = XCConfigurationList;
			buildConfigurations = (
				89A4217521D0C52E00CE8B74 /* Debug */,
				89A4217621D0C52E00CE8B74 /* Release */,
			);
			defaultConfigurationIsVisible = 0;
			defaultConfigurationName = Release;
		};
		89A4217721D0C52E00CE8B74 /* Build configuration list for PBXNativeTarget "ComponentDemo" */ = {
			isa = XCConfigurationList;
			buildConfigurations = (
				89A4217821D0C52E00CE8B74 /* Debug */,
				89A4217921D0C52E00CE8B74 /* Release */,
			);
			defaultConfigurationIsVisible = 0;
			defaultConfigurationName = Release;
		};
		89A4217A21D0C52E00CE8B74 /* Build configuration list for PBXNativeTarget "ComponentDemoTests" */ = {
			isa = XCConfigurationList;
			buildConfigurations = (
				89A4217B21D0C52E00CE8B74 /* Debug */,
				89A4217C21D0C52E00CE8B74 /* Release */,
			);
			defaultConfigurationIsVisible = 0;
			defaultConfigurationName = Release;
		};
/* End XCConfigurationList section */
	};
	rootObject = 89A4215221D0C52D00CE8B74 /* Project object */;
}
